
Microsoft Visual Studio Solution File, Format Version 12.00
# Visual Studio Version 17
VisualStudioVersion = 17.1.32421.90
MinimumVisualStudioVersion = 10.0.40219.1
Project("{FAE04EC0-301F-11D3-BF4B-00C04F79EFBC}") = "Practica_progra3_01", "Practica_progra3_01\Practica_progra3_01.csproj", "{2D894135-E6A8-45A9-A1D1-E9F4C1E41A69}"
EndProject
Global
	GlobalSection(SolutionConfigurationPlatforms) = preSolution
		Debug|Any CPU = Debug|Any CPU
		Release|Any CPU = Release|Any CPU
	EndGlobalSection
	GlobalSection(ProjectConfigurationPlatforms) = postSolution
		{2D894135-E6A8-45A9-A1D1-E9F4C1E41A69}.Debug|Any CPU.ActiveCfg = Debug|Any CPU
		{2D894135-E6A8-45A9-A1D1-E9F4C1E41A69}.Debug|Any CPU.Build.0 = Debug|Any CPU
		{2D894135-E6A8-45A9-A1D1-E9F4C1E41A69}.Release|Any CPU.ActiveCfg = Release|Any CPU
		{2D894135-E6A8-45A9-A1D1-E9F4C1E41A69}.Release|Any CPU.Build.0 = Release|Any CPU
	EndGlobalSection
	GlobalSection(SolutionProperties) = preSolution
		HideSolutionNode = FALSE
	EndGlobalSection
	GlobalSection(ExtensibilityGlobals) = postSolution
		SolutionGuid = {B52CCEA8-0A73-4EA0-999B-AE1B48E10E21}
	EndGlobalSection
EndGlobal
